// !$*UTF8*$!
{
	archiveVersion = 1;
	classes = {
	};
	objectVersion = 56;
	objects = {

/* Begin PBXBuildFile section */
		0B7246E5E686F589DA36E6B0 /* RecognizedTrack.swift in Sources */ = {isa = PBXBuildFile; fileRef = 5109D9CE55149FABD5DEEF6A /* RecognizedTrack.swift */; };
		17584D5A8486F136266B4ECE /* HistoryView.swift in Sources */ = {isa = PBXBuildFile; fileRef = 26B716E59BBD723501B67ADA /* HistoryView.swift */; };
		329600BDABC54D6182F33B00 /* Assets.xcassets in Resources */ = {isa = PBXBuildFile; fileRef = 0D1D273D143F8E103DBF9636 /* Assets.xcassets */; };
		339616BE9F35F2869453ED99 /* ShazamViewModel.swift in Sources */ = {isa = PBXBuildFile; fileRef = E341271534BAD80FA4D64C53 /* ShazamViewModel.swift */; };
		3CC9B41CECB420A11CBFEACD /* TrackCardView.swift in Sources */ = {isa = PBXBuildFile; fileRef = C0CD0E2E1C55AD45FA0A2F01 /* TrackCardView.swift */; };
		4E547BB51964775588627E30 /* RecognitionView.swift in Sources */ = {isa = PBXBuildFile; fileRef = 2E02DD0DE9A4C4D20271F085 /* RecognitionView.swift */; };
		56A648A3CE24733F717001D1 /* SonicSenseApp.swift in Sources */ = {isa = PBXBuildFile; fileRef = 84D32767651E79AEBF1E15C5 /* SonicSenseApp.swift */; };
		6671C9F699BCEE00CA79BA70 /* ShazamKit.framework in Frameworks */ = {isa = PBXBuildFile; fileRef = 37192F135FFD7E8D958B509A /* ShazamKit.framework */; };
		7866AC6020D81F7C1145A018 /* ContentView.swift in Sources */ = {isa = PBXBuildFile; fileRef = 62CA244F01CB73B7ED8CDAA8 /* ContentView.swift */; };
		8766D58DED7EBFC1215E5389 /* TrackDetailView.swift in Sources */ = {isa = PBXBuildFile; fileRef = 25125A999252457A53718CFE /* TrackDetailView.swift */; };
/* End PBXBuildFile section */

/* Begin PBXFileReference section */
		0D1D273D143F8E103DBF9636 /* Assets.xcassets */ = {isa = PBXFileReference; lastKnownFileType = folder.assetcatalog; path = Assets.xcassets; sourceTree = "<group>"; };
		25125A999252457A53718CFE /* TrackDetailView.swift */ = {isa = PBXFileReference; lastKnownFileType = sourcecode.swift; path = TrackDetailView.swift; sourceTree = "<group>"; };
		26B716E59BBD723501B67ADA /* HistoryView.swift */ = {isa = PBXFileReference; lastKnownFileType = sourcecode.swift; path = HistoryView.swift; sourceTree = "<group>"; };
		2E02DD0DE9A4C4D20271F085 /* RecognitionView.swift */ = {isa = PBXFileReference; lastKnownFileType = sourcecode.swift; path = RecognitionView.swift; sourceTree = "<group>"; };
		37192F135FFD7E8D958B509A /* ShazamKit.framework */ = {isa = PBXFileReference; lastKnownFileType = wrapper.framework; name = ShazamKit.framework; path = System/Library/Frameworks/ShazamKit.framework; sourceTree = SDKROOT; };
		5109D9CE55149FABD5DEEF6A /* RecognizedTrack.swift */ = {isa = PBXFileReference; lastKnownFileType = sourcecode.swift; path = RecognizedTrack.swift; sourceTree = "<group>"; };
		62CA244F01CB73B7ED8CDAA8 /* ContentView.swift */ = {isa = PBXFileReference; lastKnownFileType = sourcecode.swift; path = ContentView.swift; sourceTree = "<group>"; };
		84D32767651E79AEBF1E15C5 /* SonicSenseApp.swift */ = {isa = PBXFileReference; lastKnownFileType = sourcecode.swift; path = SonicSenseApp.swift; sourceTree = "<group>"; };
		B0673DA5819EC95D2E777EA2 /* SonicSense.app */ = {isa = PBXFileReference; explicitFileType = wrapper.application; includeInIndex = 0; path = SonicSense.app; sourceTree = BUILT_PRODUCTS_DIR; };
		BE7DDE962C86183253260C50 /* Info.plist */ = {isa = PBXFileReference; lastKnownFileType = text.plist.xml; path = Info.plist; sourceTree = "<group>"; };
		C0CD0E2E1C55AD45FA0A2F01 /* TrackCardView.swift */ = {isa = PBXFileReference; lastKnownFileType = sourcecode.swift; path = TrackCardView.swift; sourceTree = "<group>"; };
		E341271534BAD80FA4D64C53 /* ShazamViewModel.swift */ = {isa = PBXFileReference; lastKnownFileType = sourcecode.swift; path = ShazamViewModel.swift; sourceTree = "<group>"; };
/* End PBXFileReference section */

/* Begin PBXFrameworksBuildPhase section */
		5A3C5076E1F1B70B203C1632 /* Frameworks */ = {
			isa = PBXFrameworksBuildPhase;
			buildActionMask = 2147483647;
			files = (
				6671C9F699BCEE00CA79BA70 /* ShazamKit.framework in Frameworks */,
			);
			runOnlyForDeploymentPostprocessing = 0;
		};
/* End PBXFrameworksBuildPhase section */

/* Begin PBXGroup section */
		0438EF3E58DA627B716F39B5 /* Frameworks */ = {
			isa = PBXGroup;
			children = (
				37192F135FFD7E8D958B509A /* ShazamKit.framework */,
			);
			name = Frameworks;
			sourceTree = "<group>";
		};
		11944E3B883A910215BEEC13 /* App */ = {
			isa = PBXGroup;
			children = (
				84D32767651E79AEBF1E15C5 /* SonicSenseApp.swift */,
			);
			path = App;
			sourceTree = "<group>";
		};
		6017CB910CD2493711281032 /* ViewModels */ = {
			isa = PBXGroup;
			children = (
				E341271534BAD80FA4D64C53 /* ShazamViewModel.swift */,
			);
			path = ViewModels;
			sourceTree = "<group>";
		};
		61CF18FE51B9CA0C4C4DFD68 /* Views */ = {
			isa = PBXGroup;
			children = (
				62CA244F01CB73B7ED8CDAA8 /* ContentView.swift */,
				2E02DD0DE9A4C4D20271F085 /* RecognitionView.swift */,
				26B716E59BBD723501B67ADA /* HistoryView.swift */,
				C0CD0E2E1C55AD45FA0A2F01 /* TrackCardView.swift */,
				25125A999252457A53718CFE /* TrackDetailView.swift */,
			);
			path = Views;
			sourceTree = "<group>";
		};
		721AFBEE0EC6B2249D9084F8 = {
			isa = PBXGroup;
			children = (
				A99753AE2C829ADA80A9A3D5 /* SonicSense */,
				0438EF3E58DA627B716F39B5 /* Frameworks */,
				CCD4B190D63C1F6304BBCF09 /* Products */,
			);
			sourceTree = "<group>";
		};
		A99753AE2C829ADA80A9A3D5 /* SonicSense */ = {
			isa = PBXGroup;
			children = (
				11944E3B883A910215BEEC13 /* App */,
				AC31D1342A56CDD12CB06A37 /* Models */,
				6017CB910CD2493711281032 /* ViewModels */,
				61CF18FE51B9CA0C4C4DFD68 /* Views */,
				0D1D273D143F8E103DBF9636 /* Assets.xcassets */,
				BE7DDE962C86183253260C50 /* Info.plist */,
			);
			path = SonicSense;
			sourceTree = "<group>";
		};
		AC31D1342A56CDD12CB06A37 /* Models */ = {
			isa = PBXGroup;
			children = (
				5109D9CE55149FABD5DEEF6A /* RecognizedTrack.swift */,
			);
			path = Models;
			sourceTree = "<group>";
		};
		CCD4B190D63C1F6304BBCF09 /* Products */ = {
			isa = PBXGroup;
			children = (
				B0673DA5819EC95D2E777EA2 /* SonicSense.app */,
			);
			name = Products;
			sourceTree = "<group>";
		};
/* End PBXGroup section */

/* Begin PBXNativeTarget section */
		684F109F9177DBAC66274171 /* SonicSense */ = {
			isa = PBXNativeTarget;
			buildConfigurationList = 582A8CA2B07F2D39FD4549A4 /* Build configuration list for PBXNativeTarget "SonicSense" */;
			buildPhases = (
				009F175AFA9F580DD7CFDB93 /* Sources */,
				5A3C5076E1F1B70B203C1632 /* Frameworks */,
				5F1A99B64B564A36F980E0DF /* Resources */,
			);
			buildRules = (
			);
			dependencies = (
			);
			name = SonicSense;
			productName = SonicSense;
			productReference = B0673DA5819EC95D2E777EA2 /* SonicSense.app */;
			productType = "com.apple.product-type.application";
		};
/* End PBXNativeTarget section */

/* Begin PBXProject section */
		7631B9E34C4082A64CCCE7A5 /* Project object */ = {
			isa = PBXProject;
			attributes = {
				BuildIndependentTargetsInParallel = 1;
				LastSwiftUpdateCheck = 1500;
				LastUpgradeCheck = 1500;
				TargetAttributes = {
					684F109F9177DBAC66274171 = {
						CreatedOnToolsVersion = 15.0;
					};
				};
			};
			buildConfigurationList = 0A1332985911A41C4292CACB /* Build configuration list for PBXProject "ios-shazamkit-20260327-092145-dc6432" */;
			compatibilityVersion = "Xcode 14.0";
			developmentRegion = en;
			hasScannedForEncodings = 0;
			knownRegions = (
				en,
				Base,
			);
			mainGroup = 721AFBEE0EC6B2249D9084F8;
			productRefGroup = CCD4B190D63C1F6304BBCF09 /* Products */;
			projectDirPath = "";
			projectRoot = "";
			targets = (
				684F109F9177DBAC66274171 /* SonicSense */,
			);
		};
/* End PBXProject section */

/* Begin PBXResourcesBuildPhase section */
		5F1A99B64B564A36F980E0DF /* Resources */ = {
			isa = PBXResourcesBuildPhase;
			buildActionMask = 2147483647;
			files = (
				329600BDABC54D6182F33B00 /* Assets.xcassets in Resources */,
			);
			runOnlyForDeploymentPostprocessing = 0;
		};
/* End PBXResourcesBuildPhase section */

/* Begin PBXSourcesBuildPhase section */
		009F175AFA9F580DD7CFDB93 /* Sources */ = {
			isa = PBXSourcesBuildPhase;
			buildActionMask = 2147483647;
			files = (
				56A648A3CE24733F717001D1 /* SonicSenseApp.swift in Sources */,
				0B7246E5E686F589DA36E6B0 /* RecognizedTrack.swift in Sources */,
				339616BE9F35F2869453ED99 /* ShazamViewModel.swift in Sources */,
				7866AC6020D81F7C1145A018 /* ContentView.swift in Sources */,
				4E547BB51964775588627E30 /* RecognitionView.swift in Sources */,
				17584D5A8486F136266B4ECE /* HistoryView.swift in Sources */,
				3CC9B41CECB420A11CBFEACD /* TrackCardView.swift in Sources */,
				8766D58DED7EBFC1215E5389 /* TrackDetailView.swift in Sources */,
			);
			runOnlyForDeploymentPostprocessing = 0;
		};
/* End PBXSourcesBuildPhase section */

/* Begin XCBuildConfiguration section */
		009C862A28683C9845376FD5 /* Debug */ = {
			isa = XCBuildConfiguration;
			buildSettings = {
				ALWAYS_SEARCH_USER_PATHS = NO;
				ASSETCATALOG_COMPILER_GENERATE_SWIFT_ASSET_SYMBOL_EXTENSIONS = YES;
				CLANG_ANALYZER_NONNULL = YES;
				CLANG_ANALYZER_NUMBER_OBJECT_CONVERSION = YES_AGGRESSIVE;
				CLANG_CXX_LANGUAGE_STANDARD = "gnu++20";
				CLANG_ENABLE_MODULES = YES;
				CLANG_ENABLE_OBJC_ARC = YES;
				CLANG_ENABLE_OBJC_WEAK = YES;
				CLANG_WARN_BLOCK_CAPTURE_AUTORELEASING = YES;
				CLANG_WARN_BOOL_CONVERSION = YES;
				CLANG_WARN_COMMA = YES;
				CLANG_WARN_CONSTANT_CONVERSION = YES;
				CLANG_WARN_DEPRECATED_OBJC_IMPLEMENTATIONS = YES;
				CLANG_WARN_DIRECT_OBJC_ISA_USAGE = YES_ERROR;
				CLANG_WARN_DOCUMENTATION_COMMENTS = YES;
				CLANG_WARN_EMPTY_BODY = YES;
				CLANG_WARN_ENUM_CONVERSION = YES;
				CLANG_WARN_INFINITE_RECURSION = YES;
				CLANG_WARN_INT_CONVERSION = YES;
				CLANG_WARN_NON_LITERAL_NULL_CONVERSION = YES;
				CLANG_WARN_OBJC_IMPLICIT_RETAIN_CYCLES = YES;
				CLANG_WARN_OBJC_LITERAL_CONVERSION = YES;
				CLANG_WARN_OBJC_ROOT_CLASS = YES_ERROR;
				CLANG_WARN_QUOTED_INCLUDE_IN_FRAMEWORK_HEADER = YES;
				CLANG_WARN_RANGE_LOOP_ANALYSIS = YES;
				CLANG_WARN_STRICT_PROTOTYPES = YES;
				CLANG_WARN_SUSPICIOUS_MOVE = YES;
				CLANG_WARN_UNGUARDED_AVAILABILITY = YES_AGGRESSIVE;
				CLANG_WARN_UNREACHABLE_CODE = YES;
				CLANG_WARN__DUPLICATE_METHOD_MATCH = YES;
				COPY_PHASE_STRIP = NO;
				DEBUG_INFORMATION_FORMAT = dwarf;
				ENABLE_STRICT_OBJC_MSGSEND = YES;
				ENABLE_TESTABILITY = YES;
				ENABLE_USER_SCRIPT_SANDBOXING = YES;
				GCC_C_LANGUAGE_STANDARD = gnu17;
				GCC_DYNAMIC_NO_PIC = NO;
				GCC_NO_COMMON_BLOCKS = YES;
				GCC_OPTIMIZATION_LEVEL = 0;
				GCC_PREPROCESSOR_DEFINITIONS = (
					"DEBUG=1",
					"$(inherited)",
				);
				GCC_WARN_64_TO_32_BIT_CONVERSION = YES;
				GCC_WARN_ABOUT_RETURN_TYPE = YES_ERROR;
				GCC_WARN_UNDECLARED_SELECTOR = YES;
				GCC_WARN_UNINITIALIZED_AUTOS = YES_AGGRESSIVE;
				GCC_WARN_UNUSED_FUNCTION = YES;
				GCC_WARN_UNUSED_VARIABLE = YES;
				IPHONEOS_DEPLOYMENT_TARGET = 16.2;
				MTL_ENABLE_DEBUG_INFO = INCLUDE_SOURCE;
				MTL_FAST_MATH = YES;
				ONLY_ACTIVE_ARCH = YES;
				SDKROOT = iphoneos;
				SWIFT_ACTIVE_COMPILATION_CONDITIONS = DEBUG;
				SWIFT_OPTIMIZATION_LEVEL = "-Onone";
			};
			name = Debug;
		};
		2393B601A51FBE0C03980CA1 /* Release */ = {
			isa = XCBuildConfiguration;
			buildSettings = {
				ASSETCATALOG_COMPILER_APPICON_NAME = AppIcon;
				ASSETCATALOG_COMPILER_GLOBAL_ACCENT_COLOR_NAME = AccentColor;
				CODE_SIGN_ENTITLEMENTS = SonicSense/SonicSense.entitlements;
				CODE_SIGN_STYLE = Automatic;
				CURRENT_PROJECT_VERSION = 1;
				DEVELOPMENT_TEAM = N3X2H33TR7;
				ENABLE_PREVIEWS = YES;
				GENERATE_INFOPLIST_FILE = NO;
				INFOPLIST_FILE = SonicSense/Info.plist;
				LD_RUNPATH_SEARCH_PATHS = (
					"$(inherited)",
					"@executable_path/Frameworks",
				);
				MARKETING_VERSION = 1.0;
				PRODUCT_BUNDLE_IDENTIFIER = com.ryankaya.SonicSense;
				PRODUCT_NAME = "$(TARGET_NAME)";
				SWIFT_EMIT_LOC_STRINGS = YES;
				SWIFT_VERSION = 5.0;
				TARGETED_DEVICE_FAMILY = 1;
			};
			name = Release;
		};
		242CE65CA02FECF422D9EB9D /* Release */ = {
			isa = XCBuildConfiguration;
			buildSettings = {
				ALWAYS_SEARCH_USER_PATHS = NO;
				ASSETCATALOG_COMPILER_GENERATE_SWIFT_ASSET_SYMBOL_EXTENSIONS = YES;
				CLANG_ANALYZER_NONNULL = YES;
				CLANG_ANALYZER_NUMBER_OBJECT_CONVERSION = YES_AGGRESSIVE;
				CLANG_CXX_LANGUAGE_STANDARD = "gnu++20";
				CLANG_ENABLE_MODULES = YES;
				CLANG_ENABLE_OBJC_ARC = YES;
				CLANG_ENABLE_OBJC_WEAK = YES;
				CLANG_WARN_BLOCK_CAPTURE_AUTORELEASING = YES;
				CLANG_WARN_BOOL_CONVERSION = YES;
				CLANG_WARN_COMMA = YES;
				CLANG_WARN_CONSTANT_CONVERSION = YES;
				CLANG_WARN_DEPRECATED_OBJC_IMPLEMENTATIONS = YES;
				CLANG_WARN_DIRECT_OBJC_ISA_USAGE = YES_ERROR;
				CLANG_WARN_DOCUMENTATION_COMMENTS = YES;
				CLANG_WARN_EMPTY_BODY = YES;
				CLANG_WARN_ENUM_CONVERSION = YES;
				CLANG_WARN_INFINITE_RECURSION = YES;
				CLANG_WARN_INT_CONVERSION = YES;
				CLANG_WARN_NON_LITERAL_NULL_CONVERSION = YES;
				CLANG_WARN_OBJC_IMPLICIT_RETAIN_CYCLES = YES;
				CLANG_WARN_OBJC_LITERAL_CONVERSION = YES;
				CLANG_WARN_OBJC_ROOT_CLASS = YES_ERROR;
				CLANG_WARN_QUOTED_INCLUDE_IN_FRAMEWORK_HEADER = YES;
				CLANG_WARN_RANGE_LOOP_ANALYSIS = YES;
				CLANG_WARN_STRICT_PROTOTYPES = YES;
				CLANG_WARN_SUSPICIOUS_MOVE = YES;
				CLANG_WARN_UNGUARDED_AVAILABILITY = YES_AGGRESSIVE;
				CLANG_WARN_UNREACHABLE_CODE = YES;
				CLANG_WARN__DUPLICATE_METHOD_MATCH = YES;
				COPY_PHASE_STRIP = NO;
				DEBUG_INFORMATION_FORMAT = "dwarf-with-dsym";
				ENABLE_NS_ASSERTIONS = NO;
				ENABLE_STRICT_OBJC_MSGSEND = YES;
				ENABLE_USER_SCRIPT_SANDBOXING = YES;
				GCC_C_LANGUAGE_STANDARD = gnu17;
				GCC_NO_COMMON_BLOCKS = YES;
				GCC_WARN_64_TO_32_BIT_CONVERSION = YES;
				GCC_WARN_ABOUT_RETURN_TYPE = YES_ERROR;
				GCC_WARN_UNDECLARED_SELECTOR = YES;
				GCC_WARN_UNINITIALIZED_AUTOS = YES_AGGRESSIVE;
				GCC_WARN_UNUSED_FUNCTION = YES;
				GCC_WARN_UNUSED_VARIABLE = YES;
				IPHONEOS_DEPLOYMENT_TARGET = 16.2;
				MTL_FAST_MATH = YES;
				SDKROOT = iphoneos;
				SWIFT_COMPILATION_MODE = wholemodule;
				SWIFT_OPTIMIZATION_LEVEL = "-O";
				VALIDATE_PRODUCT = YES;
			};
			name = Release;
		};
		5C19453F919B8CBA6D40DB57 /* Debug */ = {
			isa = XCBuildConfiguration;
			buildSettings = {
				ASSETCATALOG_COMPILER_APPICON_NAME = AppIcon;
				ASSETCATALOG_COMPILER_GLOBAL_ACCENT_COLOR_NAME = AccentColor;
				CODE_SIGN_ENTITLEMENTS = SonicSense/SonicSense.entitlements;
				CODE_SIGN_STYLE = Automatic;
				CURRENT_PROJECT_VERSION = 1;
				DEVELOPMENT_TEAM = N3X2H33TR7;
				ENABLE_PREVIEWS = YES;
				GENERATE_INFOPLIST_FILE = NO;
				INFOPLIST_FILE = SonicSense/Info.plist;
				LD_RUNPATH_SEARCH_PATHS = (
					"$(inherited)",
					"@executable_path/Frameworks",
				);
				MARKETING_VERSION = 1.0;
				PRODUCT_BUNDLE_IDENTIFIER = com.ryankaya.SonicSense;
				PRODUCT_NAME = "$(TARGET_NAME)";
				SWIFT_EMIT_LOC_STRINGS = YES;
				SWIFT_VERSION = 5.0;
				TARGETED_DEVICE_FAMILY = 1;
			};
			name = Debug;
		};
/* End XCBuildConfiguration section */

/* Begin XCConfigurationList section */
		0A1332985911A41C4292CACB /* Build configuration list for PBXProject "ios-shazamkit-20260327-092145-dc6432" */ = {
			isa = XCConfigurationList;
			buildConfigurations = (
				009C862A28683C9845376FD5 /* Debug */,
				242CE65CA02FECF422D9EB9D /* Release */,
			);
			defaultConfigurationIsVisible = 0;
			defaultConfigurationName = Release;
		};
		582A8CA2B07F2D39FD4549A4 /* Build configuration list for PBXNativeTarget "SonicSense" */ = {
			isa = XCConfigurationList;
			buildConfigurations = (
				5C19453F919B8CBA6D40DB57 /* Debug */,
				2393B601A51FBE0C03980CA1 /* Release */,
			);
			defaultConfigurationIsVisible = 0;
			defaultConfigurationName = Release;
		};
/* End XCConfigurationList section */
	};
	rootObject = 7631B9E34C4082A64CCCE7A5 /* Project object */;
}
